
Microsoft Visual Studio Solution File, Format Version 12.00
# Visual Studio Version 16
VisualStudioVersion = 16.0.29709.97
MinimumVisualStudioVersion = 10.0.40219.1
Project("{9A19103F-16F7-4668-BE54-9A1E7A4F7556}") = "PlatoCore", "Core\PlatoCore.csproj", "{BF45E27D-2F48-4D73-90EE-9AA86F631E34}"
EndProject
Project("{9A19103F-16F7-4668-BE54-9A1E7A4F7556}") = "Plato", "Web\Plato.csproj", "{0B6EE10C-3FDF-4A65-AA28-BE5F3A0AF6C7}"
EndProject
Project("{9A19103F-16F7-4668-BE54-9A1E7A4F7556}") = "Plato.Demo", "Web\Modules\Plato.Demo\Plato.Demo.csproj", "{3359EB89-25B1-49EA-936A-41748CFCC478}"
EndProject
Project("{2150E333-8FDC-42A3-9474-1A3956D46DE8}") = "Modules", "Modules", "{D250B06C-4CE6-4D5D-A27C-A74651B2B5BC}"
EndProject
Project("{9A19103F-16F7-4668-BE54-9A1E7A4F7556}") = "Plato.SetUp", "Web\Modules\Plato.SetUp\Plato.SetUp.csproj", "{808FAB01-DB06-4746-91CC-1BDCEE3BCD1E}"
EndProject
Project("{9A19103F-16F7-4668-BE54-9A1E7A4F7556}") = "Plato.Core", "Web\Modules\Plato.Core\Plato.Core.csproj", "{747F39D0-C647-407A-B998-949FA79B430B}"
EndProject
Project("{9A19103F-16F7-4668-BE54-9A1E7A4F7556}") = "Plato.Users", "Web\Modules\Plato.Users\Plato.Users.csproj", "{21A07FC0-9B0E-41DC-8E03-0747EBA09083}"
EndProject
Project("{9A19103F-16F7-4668-BE54-9A1E7A4F7556}") = "Plato.Email", "Web\Modules\Plato.Email\Plato.Email.csproj", "{1549E1A5-1715-4050-B947-00B840441297}"
EndProject
Project("{9A19103F-16F7-4668-BE54-9A1E7A4F7556}") = "Plato.Admin", "Web\Modules\Plato.Admin\Plato.Admin.csproj", "{5832FE10-BAB3-4997-B36B-5A4DE0741246}"
EndProject
Project("{9A19103F-16F7-4668-BE54-9A1E7A4F7556}") = "Plato.Roles", "Web\Modules\Plato.Roles\Plato.Roles.csproj", "{450D8AC3-4E63-45C9-86AE-A24DE8E6CB84}"
EndProject
Project("{9A19103F-16F7-4668-BE54-9A1E7A4F7556}") = "Plato.Settings", "Web\Modules\Plato.Settings\Plato.Settings.csproj", "{CE721549-EF99-459A-A70F-C78FB3D12B8A}"
EndProject
Project("{9A19103F-16F7-4668-BE54-9A1E7A4F7556}") = "Plato.Features", "Web\Modules\Plato.Features\Plato.Features.csproj", "{244AD18F-ADD7-4BAE-9790-EA606FA0123B}"
EndProject
Project("{9A19103F-16F7-4668-BE54-9A1E7A4F7556}") = "Plato.Entities", "Web\Modules\Plato.Entities\Plato.Entities.csproj", "{0EDF411B-41E3-477B-826E-4420CBFFDF70}"
EndProject
Project("{9A19103F-16F7-4668-BE54-9A1E7A4F7556}") = "Plato.WebApi", "Web\Modules\Plato.WebApi\Plato.WebApi.csproj", "{1EA03429-3598-43FD-A851-4635B4599793}"
EndProject
Project("{9A19103F-16F7-4668-BE54-9A1E7A4F7556}") = "Plato.Markdown", "Web\Modules\Plato.Markdown\Plato.Markdown.csproj", "{F5B99669-D324-435F-BC1C-1BCB793CD967}"
EndProject
Project("{9A19103F-16F7-4668-BE54-9A1E7A4F7556}") = "Plato.Media", "Web\Modules\Plato.Media\Plato.Media.csproj", "{D511C0D8-8B1B-483E-8A49-FC60B760C1D2}"
EndProject
Project("{9A19103F-16F7-4668-BE54-9A1E7A4F7556}") = "Plato.Categories", "Web\Modules\Plato.Categories\Plato.Categories.csproj", "{4DC13C4F-A353-4EAB-8124-0673E2F643B6}"
EndProject
Project("{9A19103F-16F7-4668-BE54-9A1E7A4F7556}") = "Plato.Categories.Roles", "Web\Modules\Plato.Categories.Roles\Plato.Categories.Roles.csproj", "{4CE1ACF5-3D4E-4FF3-9DD0-0DF063D5DAA4}"
EndProject
Project("{9A19103F-16F7-4668-BE54-9A1E7A4F7556}") = "Plato.Docs", "Web\Modules\Plato.Docs\Plato.Docs.csproj", "{4C782614-B3C6-455C-ADB5-548449F0547E}"
EndProject
Project("{9A19103F-16F7-4668-BE54-9A1E7A4F7556}") = "Plato.Docs.Categories", "Web\Modules\Plato.Docs.Categories\Plato.Docs.Categories.csproj", "{5C853589-6D47-4226-A87B-6721A95887B7}"
EndProject
Project("{9A19103F-16F7-4668-BE54-9A1E7A4F7556}") = "Plato.Entities.Categories.Roles", "Web\Modules\Plato.Entities.Categories.Roles\Plato.Entities.Categories.Roles.csproj", "{5EE47E53-949E-48C9-AF3F-EF4B2BFD17D3}"
EndProject
Project("{9A19103F-16F7-4668-BE54-9A1E7A4F7556}") = "Plato.Docs.Categories.Roles", "Web\Modules\Plato.Docs.Categories.Roles\Plato.Docs.Categories.Roles.csproj", "{303171CC-E238-4EBC-91F2-796C54BEBC99}"
EndProject
Project("{2150E333-8FDC-42A3-9474-1A3956D46DE8}") = "Core", "Core", "{2BFB9B9A-885B-429C-81C6-12E949B055AC}"
EndProject
Project("{2150E333-8FDC-42A3-9474-1A3956D46DE8}") = "Web", "Web", "{BBD3CD21-C202-4D3C-B09F-164C5BC57D0B}"
EndProject
Project("{9A19103F-16F7-4668-BE54-9A1E7A4F7556}") = "Plato.Entities.Ratings", "Web\Modules\Plato.Entities.Ratings\Plato.Entities.Ratings.csproj", "{65CB3DDF-450A-4448-AAE0-947ED7365F47}"
EndProject
Project("{9A19103F-16F7-4668-BE54-9A1E7A4F7556}") = "Plato.Mentions", "Web\Modules\Plato.Mentions\Plato.Mentions.csproj", "{FFDD0334-B949-480F-8CE9-D15A0DAC527E}"
EndProject
Project("{9A19103F-16F7-4668-BE54-9A1E7A4F7556}") = "Plato.Metrics", "Web\Modules\Plato.Metrics\Plato.Metrics.csproj", "{5D3AD84A-1C34-4629-88CB-57A77DAE3B77}"
EndProject
Project("{9A19103F-16F7-4668-BE54-9A1E7A4F7556}") = "Plato.Search", "Web\Modules\Plato.Search\Plato.Search.csproj", "{972723EB-7D4E-460C-8F97-45E880797730}"
EndProject
Project("{9A19103F-16F7-4668-BE54-9A1E7A4F7556}") = "Plato.Labels", "Web\Modules\Plato.Labels\Plato.Labels.csproj", "{850D5740-CE20-4695-99A9-597F6DCD0B15}"
EndProject
Project("{9A19103F-16F7-4668-BE54-9A1E7A4F7556}") = "Plato.Entities.Metrics", "Web\Modules\Plato.Entities.Metrics\Plato.Entities.Metrics.csproj", "{8B6018CC-CE62-4600-AD05-0C81E01574BD}"
EndProject
Project("{9A19103F-16F7-4668-BE54-9A1E7A4F7556}") = "Plato.Reports", "Web\Modules\Plato.Reports\Plato.Reports.csproj", "{F633D996-9BC3-4500-B253-64773CD32898}"
EndProject
Project("{9A19103F-16F7-4668-BE54-9A1E7A4F7556}") = "Plato.Entities.History", "Web\Modules\Plato.Entities.History\Plato.Entities.History.csproj", "{61F3FA93-3922-425E-9C7C-78077FC5485B}"
EndProject
Project("{9A19103F-16F7-4668-BE54-9A1E7A4F7556}") = "Plato.Entities.Labels", "Web\Modules\Plato.Entities.Labels\Plato.Entities.Labels.csproj", "{FA0072A4-3459-4F3E-B9FC-A698CBDDA3F7}"
EndProject
Project("{9A19103F-16F7-4668-BE54-9A1E7A4F7556}") = "Plato.Notifications", "Web\Modules\Plato.Notifications\Plato.Notifications.csproj", "{AC8A580F-8729-4073-B99F-726E72DC67CE}"
EndProject
Project("{9A19103F-16F7-4668-BE54-9A1E7A4F7556}") = "Plato.Tags", "Web\Modules\Plato.Tags\Plato.Tags.csproj", "{EC6F2E57-0278-41E7-A5DA-2A0DCBA41C3B}"
EndProject
Project("{9A19103F-16F7-4668-BE54-9A1E7A4F7556}") = "Plato.Stars", "Web\Modules\Plato.Stars\Plato.Stars.csproj", "{1C23F6A0-EFE8-44D2-BBA3-098A2C5C7F04}"
EndProject
Project("{9A19103F-16F7-4668-BE54-9A1E7A4F7556}") = "Plato.References", "Web\Modules\Plato.References\Plato.References.csproj", "{72DA9AD3-3169-45B4-878B-19D034A8C646}"
EndProject
Project("{9A19103F-16F7-4668-BE54-9A1E7A4F7556}") = "Plato.Entities.Tags", "Web\Modules\Plato.Entities.Tags\Plato.Entities.Tags.csproj", "{E641A253-3BE8-400E-87CB-0E4463DF827C}"
EndProject
Project("{9A19103F-16F7-4668-BE54-9A1E7A4F7556}") = "Plato.Follows", "Web\Modules\Plato.Follows\Plato.Follows.csproj", "{510C2565-9EBB-4034-94AA-50C75177A87F}"
EndProject
Project("{9A19103F-16F7-4668-BE54-9A1E7A4F7556}") = "Plato.Docs.Categories.Follow", "Web\Modules\Plato.Docs.Categories.Follow\Plato.Docs.Categories.Follow.csproj", "{0DB94A93-E76B-4387-BCBB-8B453D54CF46}"
EndProject
Project("{9A19103F-16F7-4668-BE54-9A1E7A4F7556}") = "Plato.Docs.Follow", "Web\Modules\Plato.Docs.Follow\Plato.Docs.Follow.csproj", "{C54F8237-5205-4E27-A7F7-CB52E911FDA3}"
EndProject
Project("{9A19103F-16F7-4668-BE54-9A1E7A4F7556}") = "Plato.Docs.History", "Web\Modules\Plato.Docs.History\Plato.Docs.History.csproj", "{5C1EA90B-2461-4293-B731-29CEBC558D12}"
EndProject
Project("{9A19103F-16F7-4668-BE54-9A1E7A4F7556}") = "Plato.Docs.Labels", "Web\Modules\Plato.Docs.Labels\Plato.Docs.Labels.csproj", "{954E77F9-F040-4882-B9D9-02DFD3B1D1CD}"
EndProject
Project("{9A19103F-16F7-4668-BE54-9A1E7A4F7556}") = "Plato.Docs.Tags", "Web\Modules\Plato.Docs.Tags\Plato.Docs.Tags.csproj", "{076CB49B-BF69-4857-8966-15C25CA03BEE}"
EndProject
Project("{9A19103F-16F7-4668-BE54-9A1E7A4F7556}") = "Plato.Docs.Labels.Follow", "Web\Modules\Plato.Docs.Labels.Follow\Plato.Docs.Labels.Follow.csproj", "{6D72CFAB-9474-4B81-A9AC-A6D094C114BC}"
EndProject
Project("{9A19103F-16F7-4668-BE54-9A1E7A4F7556}") = "Plato.Docs.Mentions", "Web\Modules\Plato.Docs.Mentions\Plato.Docs.Mentions.csproj", "{576D50AA-1F7F-4E0A-A31F-5F0B6EA7E4F2}"
EndProject
Project("{9A19103F-16F7-4668-BE54-9A1E7A4F7556}") = "Plato.Entities.Reactions", "Web\Modules\Plato.Entities.Reactions\Plato.Entities.Reactions.csproj", "{28E399AF-2746-44B9-ACBF-BF41FF8C4D21}"
EndProject
Project("{9A19103F-16F7-4668-BE54-9A1E7A4F7556}") = "Plato.Docs.Reactions", "Web\Modules\Plato.Docs.Reactions\Plato.Docs.Reactions.csproj", "{EABA15C3-F6A0-400D-A93E-0A3C7EF59AAF}"
EndProject
Project("{9A19103F-16F7-4668-BE54-9A1E7A4F7556}") = "Plato.Entities.Reports", "Web\Modules\Plato.Entities.Reports\Plato.Entities.Reports.csproj", "{24CAC8C5-564C-43FC-8323-800C9268A3D2}"
EndProject
Project("{9A19103F-16F7-4668-BE54-9A1E7A4F7556}") = "Plato.Docs.Reports", "Web\Modules\Plato.Docs.Reports\Plato.Docs.Reports.csproj", "{AB8F1CB8-7A1C-4319-992D-3FD50F8A95E1}"
EndProject
Project("{9A19103F-16F7-4668-BE54-9A1E7A4F7556}") = "Plato.Facebook", "Web\Modules\Plato.Facebook\Plato.Facebook.csproj", "{D5F37296-2AC0-4230-A954-9C046F5AD425}"
EndProject
Project("{9A19103F-16F7-4668-BE54-9A1E7A4F7556}") = "Plato.Docs.Share", "Web\Modules\Plato.Docs.Share\Plato.Docs.Share.csproj", "{43F53E4E-927B-4FFF-B47B-B6D61E72A26C}"
EndProject
Project("{9A19103F-16F7-4668-BE54-9A1E7A4F7556}") = "Plato.Docs.Drafts", "Web\Modules\Plato.Docs.Drafts\Plato.Docs.Drafts.csproj", "{0B1DB2AB-7B69-4C53-AA9F-D27F2FB44539}"
EndProject
Project("{9A19103F-16F7-4668-BE54-9A1E7A4F7556}") = "Plato.StopForumSpam.Client", "Web\Modules\Plato.StopForumSpam.Client\Plato.StopForumSpam.Client.csproj", "{B1778411-043B-4966-8D95-57E7503DE3F9}"
EndProject
Project("{9A19103F-16F7-4668-BE54-9A1E7A4F7556}") = "Plato.StopForumSpam", "Web\Modules\Plato.StopForumSpam\Plato.StopForumSpam.csproj", "{79EB5421-FB68-4286-B101-A0736A98AAE9}"
EndProject
Project("{9A19103F-16F7-4668-BE54-9A1E7A4F7556}") = "Plato.Docs.StopForumSpam", "Web\Modules\Plato.Docs.StopForumSpam\Plato.Docs.StopForumSpam.csproj", "{06DE1A73-1BFF-43DB-9F18-CBB31923FA98}"
EndProject
Project("{9A19103F-16F7-4668-BE54-9A1E7A4F7556}") = "Plato.Slack", "Web\Modules\Plato.Slack\Plato.Slack.csproj", "{8D73E5F4-536C-428D-AA7D-8771BBF6F65A}"
EndProject
Project("{9A19103F-16F7-4668-BE54-9A1E7A4F7556}") = "Plato.Twitter", "Web\Modules\Plato.Twitter\Plato.Twitter.csproj", "{400DD356-FA1D-4907-AC0A-6EBB4913C328}"
EndProject
Project("{9A19103F-16F7-4668-BE54-9A1E7A4F7556}") = "Plato.Anchorific", "Web\Modules\Plato.Anchorific\Plato.Anchorific.csproj", "{E7E6D4E2-9702-4C49-9BB6-85EE29078498}"
EndProject
Project("{9A19103F-16F7-4668-BE54-9A1E7A4F7556}") = "Plato.Docs.Star", "Web\Modules\Plato.Docs.Star\Plato.Docs.Star.csproj", "{866929BB-4486-4F10-BCEE-8A11CB33EE58}"
EndProject
Project("{9A19103F-16F7-4668-BE54-9A1E7A4F7556}") = "Plato.Docs.Anchorific", "Web\Modules\Plato.Docs.Anchorific\Plato.Docs.Anchorific.csproj", "{FCDA0FDB-3178-416F-870E-0902186F1AE7}"
EndProject
Project("{9A19103F-16F7-4668-BE54-9A1E7A4F7556}") = "Plato.Media.Lightbox", "Web\Modules\Plato.Media.Lightbox\Plato.Media.Lightbox.csproj", "{42EFBD47-607F-434E-B86E-CC482106E43D}"
EndProject
Project("{9A19103F-16F7-4668-BE54-9A1E7A4F7556}") = "Plato.Reports.FeatureViews", "Web\Modules\Plato.Reports.FeatureViews\Plato.Reports.FeatureViews.csproj", "{A2B26761-14E4-4858-BDBD-C142DBD45F58}"
EndProject
Project("{9A19103F-16F7-4668-BE54-9A1E7A4F7556}") = "Plato.Reports.PageViews", "Web\Modules\Plato.Reports.PageViews\Plato.Reports.PageViews.csproj", "{01BF095D-F022-4AA8-8594-118924668DEE}"
EndProject
Project("{9A19103F-16F7-4668-BE54-9A1E7A4F7556}") = "Plato.Reports.TopPages", "Web\Modules\Plato.Reports.TopPages\Plato.Reports.TopPages.csproj", "{561CEACD-D13B-488F-9FA5-9A1DF50B892A}"
EndProject
Project("{9A19103F-16F7-4668-BE54-9A1E7A4F7556}") = "Plato.Reports.TopUsers", "Web\Modules\Plato.Reports.TopUsers\Plato.Reports.TopUsers.csproj", "{5A0DDC6F-2B6A-47B7-A5FF-A8B3F3432107}"
EndProject
Project("{9A19103F-16F7-4668-BE54-9A1E7A4F7556}") = "Plato.Users.Badges", "Web\Modules\Plato.Users.Badges\Plato.Users.Badges.csproj", "{DB25C4C9-AEF3-4EBC-B11D-0795CCED7B8F}"
EndProject
Project("{9A19103F-16F7-4668-BE54-9A1E7A4F7556}") = "Plato.PrettyPrint", "Web\Modules\Plato.PrettyPrint\Plato.PrettyPrint.csproj", "{229DAF1F-F08B-490D-89BA-11926626BE41}"
EndProject
Project("{9A19103F-16F7-4668-BE54-9A1E7A4F7556}") = "Plato.Reputations", "Web\Modules\Plato.Reputations\Plato.Reputations.csproj", "{8CFD2D6D-9F87-4713-A0B4-008D3738B0A0}"
EndProject
Global
	GlobalSection(SolutionConfigurationPlatforms) = preSolution
		Debug|Any CPU = Debug|Any CPU
		Release|Any CPU = Release|Any CPU
	EndGlobalSection
	GlobalSection(ProjectConfigurationPlatforms) = postSolution
		{BF45E27D-2F48-4D73-90EE-9AA86F631E34}.Debug|Any CPU.ActiveCfg = Debug|Any CPU
		{BF45E27D-2F48-4D73-90EE-9AA86F631E34}.Debug|Any CPU.Build.0 = Debug|Any CPU
		{BF45E27D-2F48-4D73-90EE-9AA86F631E34}.Release|Any CPU.ActiveCfg = Release|Any CPU
		{BF45E27D-2F48-4D73-90EE-9AA86F631E34}.Release|Any CPU.Build.0 = Release|Any CPU
		{0B6EE10C-3FDF-4A65-AA28-BE5F3A0AF6C7}.Debug|Any CPU.ActiveCfg = Debug|Any CPU
		{0B6EE10C-3FDF-4A65-AA28-BE5F3A0AF6C7}.Debug|Any CPU.Build.0 = Debug|Any CPU
		{0B6EE10C-3FDF-4A65-AA28-BE5F3A0AF6C7}.Release|Any CPU.ActiveCfg = Release|Any CPU
		{0B6EE10C-3FDF-4A65-AA28-BE5F3A0AF6C7}.Release|Any CPU.Build.0 = Release|Any CPU
		{3359EB89-25B1-49EA-936A-41748CFCC478}.Debug|Any CPU.ActiveCfg = Debug|Any CPU
		{3359EB89-25B1-49EA-936A-41748CFCC478}.Debug|Any CPU.Build.0 = Debug|Any CPU
		{3359EB89-25B1-49EA-936A-41748CFCC478}.Release|Any CPU.ActiveCfg = Release|Any CPU
		{3359EB89-25B1-49EA-936A-41748CFCC478}.Release|Any CPU.Build.0 = Release|Any CPU
		{808FAB01-DB06-4746-91CC-1BDCEE3BCD1E}.Debug|Any CPU.ActiveCfg = Debug|Any CPU
		{808FAB01-DB06-4746-91CC-1BDCEE3BCD1E}.Debug|Any CPU.Build.0 = Debug|Any CPU
		{808FAB01-DB06-4746-91CC-1BDCEE3BCD1E}.Release|Any CPU.ActiveCfg = Release|Any CPU
		{808FAB01-DB06-4746-91CC-1BDCEE3BCD1E}.Release|Any CPU.Build.0 = Release|Any CPU
		{747F39D0-C647-407A-B998-949FA79B430B}.Debug|Any CPU.ActiveCfg = Debug|Any CPU
		{747F39D0-C647-407A-B998-949FA79B430B}.Debug|Any CPU.Build.0 = Debug|Any CPU
		{747F39D0-C647-407A-B998-949FA79B430B}.Release|Any CPU.ActiveCfg = Release|Any CPU
		{747F39D0-C647-407A-B998-949FA79B430B}.Release|Any CPU.Build.0 = Release|Any CPU
		{21A07FC0-9B0E-41DC-8E03-0747EBA09083}.Debug|Any CPU.ActiveCfg = Debug|Any CPU
		{21A07FC0-9B0E-41DC-8E03-0747EBA09083}.Debug|Any CPU.Build.0 = Debug|Any CPU
		{21A07FC0-9B0E-41DC-8E03-0747EBA09083}.Release|Any CPU.ActiveCfg = Release|Any CPU
		{21A07FC0-9B0E-41DC-8E03-0747EBA09083}.Release|Any CPU.Build.0 = Release|Any CPU
		{1549E1A5-1715-4050-B947-00B840441297}.Debug|Any CPU.ActiveCfg = Debug|Any CPU
		{1549E1A5-1715-4050-B947-00B840441297}.Debug|Any CPU.Build.0 = Debug|Any CPU
		{1549E1A5-1715-4050-B947-00B840441297}.Release|Any CPU.ActiveCfg = Release|Any CPU
		{1549E1A5-1715-4050-B947-00B840441297}.Release|Any CPU.Build.0 = Release|Any CPU
		{5832FE10-BAB3-4997-B36B-5A4DE0741246}.Debug|Any CPU.ActiveCfg = Debug|Any CPU
		{5832FE10-BAB3-4997-B36B-5A4DE0741246}.Debug|Any CPU.Build.0 = Debug|Any CPU
		{5832FE10-BAB3-4997-B36B-5A4DE0741246}.Release|Any CPU.ActiveCfg = Release|Any CPU
		{5832FE10-BAB3-4997-B36B-5A4DE0741246}.Release|Any CPU.Build.0 = Release|Any CPU
		{450D8AC3-4E63-45C9-86AE-A24DE8E6CB84}.Debug|Any CPU.ActiveCfg = Debug|Any CPU
		{450D8AC3-4E63-45C9-86AE-A24DE8E6CB84}.Debug|Any CPU.Build.0 = Debug|Any CPU
		{450D8AC3-4E63-45C9-86AE-A24DE8E6CB84}.Release|Any CPU.ActiveCfg = Release|Any CPU
		{450D8AC3-4E63-45C9-86AE-A24DE8E6CB84}.Release|Any CPU.Build.0 = Release|Any CPU
		{CE721549-EF99-459A-A70F-C78FB3D12B8A}.Debug|Any CPU.ActiveCfg = Debug|Any CPU
		{CE721549-EF99-459A-A70F-C78FB3D12B8A}.Debug|Any CPU.Build.0 = Debug|Any CPU
		{CE721549-EF99-459A-A70F-C78FB3D12B8A}.Release|Any CPU.ActiveCfg = Release|Any CPU
		{CE721549-EF99-459A-A70F-C78FB3D12B8A}.Release|Any CPU.Build.0 = Release|Any CPU
		{244AD18F-ADD7-4BAE-9790-EA606FA0123B}.Debug|Any CPU.ActiveCfg = Debug|Any CPU
		{244AD18F-ADD7-4BAE-9790-EA606FA0123B}.Debug|Any CPU.Build.0 = Debug|Any CPU
		{244AD18F-ADD7-4BAE-9790-EA606FA0123B}.Release|Any CPU.ActiveCfg = Release|Any CPU
		{244AD18F-ADD7-4BAE-9790-EA606FA0123B}.Release|Any CPU.Build.0 = Release|Any CPU
		{0EDF411B-41E3-477B-826E-4420CBFFDF70}.Debug|Any CPU.ActiveCfg = Debug|Any CPU
		{0EDF411B-41E3-477B-826E-4420CBFFDF70}.Debug|Any CPU.Build.0 = Debug|Any CPU
		{0EDF411B-41E3-477B-826E-4420CBFFDF70}.Release|Any CPU.ActiveCfg = Release|Any CPU
		{0EDF411B-41E3-477B-826E-4420CBFFDF70}.Release|Any CPU.Build.0 = Release|Any CPU
		{1EA03429-3598-43FD-A851-4635B4599793}.Debug|Any CPU.ActiveCfg = Debug|Any CPU
		{1EA03429-3598-43FD-A851-4635B4599793}.Debug|Any CPU.Build.0 = Debug|Any CPU
		{1EA03429-3598-43FD-A851-4635B4599793}.Release|Any CPU.ActiveCfg = Release|Any CPU
		{1EA03429-3598-43FD-A851-4635B4599793}.Release|Any CPU.Build.0 = Release|Any CPU
		{F5B99669-D324-435F-BC1C-1BCB793CD967}.Debug|Any CPU.ActiveCfg = Debug|Any CPU
		{F5B99669-D324-435F-BC1C-1BCB793CD967}.Debug|Any CPU.Build.0 = Debug|Any CPU
		{F5B99669-D324-435F-BC1C-1BCB793CD967}.Release|Any CPU.ActiveCfg = Release|Any CPU
		{F5B99669-D324-435F-BC1C-1BCB793CD967}.Release|Any CPU.Build.0 = Release|Any CPU
		{D511C0D8-8B1B-483E-8A49-FC60B760C1D2}.Debug|Any CPU.ActiveCfg = Debug|Any CPU
		{D511C0D8-8B1B-483E-8A49-FC60B760C1D2}.Debug|Any CPU.Build.0 = Debug|Any CPU
		{D511C0D8-8B1B-483E-8A49-FC60B760C1D2}.Release|Any CPU.ActiveCfg = Release|Any CPU
		{D511C0D8-8B1B-483E-8A49-FC60B760C1D2}.Release|Any CPU.Build.0 = Release|Any CPU
		{4DC13C4F-A353-4EAB-8124-0673E2F643B6}.Debug|Any CPU.ActiveCfg = Debug|Any CPU
		{4DC13C4F-A353-4EAB-8124-0673E2F643B6}.Debug|Any CPU.Build.0 = Debug|Any CPU
		{4DC13C4F-A353-4EAB-8124-0673E2F643B6}.Release|Any CPU.ActiveCfg = Release|Any CPU
		{4DC13C4F-A353-4EAB-8124-0673E2F643B6}.Release|Any CPU.Build.0 = Release|Any CPU
		{4CE1ACF5-3D4E-4FF3-9DD0-0DF063D5DAA4}.Debug|Any CPU.ActiveCfg = Debug|Any CPU
		{4CE1ACF5-3D4E-4FF3-9DD0-0DF063D5DAA4}.Debug|Any CPU.Build.0 = Debug|Any CPU
		{4CE1ACF5-3D4E-4FF3-9DD0-0DF063D5DAA4}.Release|Any CPU.ActiveCfg = Release|Any CPU
		{4CE1ACF5-3D4E-4FF3-9DD0-0DF063D5DAA4}.Release|Any CPU.Build.0 = Release|Any CPU
		{4C782614-B3C6-455C-ADB5-548449F0547E}.Debug|Any CPU.ActiveCfg = Debug|Any CPU
		{4C782614-B3C6-455C-ADB5-548449F0547E}.Debug|Any CPU.Build.0 = Debug|Any CPU
		{4C782614-B3C6-455C-ADB5-548449F0547E}.Release|Any CPU.ActiveCfg = Release|Any CPU
		{4C782614-B3C6-455C-ADB5-548449F0547E}.Release|Any CPU.Build.0 = Release|Any CPU
		{5C853589-6D47-4226-A87B-6721A95887B7}.Debug|Any CPU.ActiveCfg = Debug|Any CPU
		{5C853589-6D47-4226-A87B-6721A95887B7}.Debug|Any CPU.Build.0 = Debug|Any CPU
		{5C853589-6D47-4226-A87B-6721A95887B7}.Release|Any CPU.ActiveCfg = Release|Any CPU
		{5C853589-6D47-4226-A87B-6721A95887B7}.Release|Any CPU.Build.0 = Release|Any CPU
		{5EE47E53-949E-48C9-AF3F-EF4B2BFD17D3}.Debug|Any CPU.ActiveCfg = Debug|Any CPU
		{5EE47E53-949E-48C9-AF3F-EF4B2BFD17D3}.Debug|Any CPU.Build.0 = Debug|Any CPU
		{5EE47E53-949E-48C9-AF3F-EF4B2BFD17D3}.Release|Any CPU.ActiveCfg = Release|Any CPU
		{5EE47E53-949E-48C9-AF3F-EF4B2BFD17D3}.Release|Any CPU.Build.0 = Release|Any CPU
		{303171CC-E238-4EBC-91F2-796C54BEBC99}.Debug|Any CPU.ActiveCfg = Debug|Any CPU
		{303171CC-E238-4EBC-91F2-796C54BEBC99}.Debug|Any CPU.Build.0 = Debug|Any CPU
		{303171CC-E238-4EBC-91F2-796C54BEBC99}.Release|Any CPU.ActiveCfg = Release|Any CPU
		{303171CC-E238-4EBC-91F2-796C54BEBC99}.Release|Any CPU.Build.0 = Release|Any CPU
		{65CB3DDF-450A-4448-AAE0-947ED7365F47}.Debug|Any CPU.ActiveCfg = Debug|Any CPU
		{65CB3DDF-450A-4448-AAE0-947ED7365F47}.Debug|Any CPU.Build.0 = Debug|Any CPU
		{65CB3DDF-450A-4448-AAE0-947ED7365F47}.Release|Any CPU.ActiveCfg = Release|Any CPU
		{65CB3DDF-450A-4448-AAE0-947ED7365F47}.Release|Any CPU.Build.0 = Release|Any CPU
		{FFDD0334-B949-480F-8CE9-D15A0DAC527E}.Debug|Any CPU.ActiveCfg = Debug|Any CPU
		{FFDD0334-B949-480F-8CE9-D15A0DAC527E}.Debug|Any CPU.Build.0 = Debug|Any CPU
		{FFDD0334-B949-480F-8CE9-D15A0DAC527E}.Release|Any CPU.ActiveCfg = Release|Any CPU
		{FFDD0334-B949-480F-8CE9-D15A0DAC527E}.Release|Any CPU.Build.0 = Release|Any CPU
		{5D3AD84A-1C34-4629-88CB-57A77DAE3B77}.Debug|Any CPU.ActiveCfg = Debug|Any CPU
		{5D3AD84A-1C34-4629-88CB-57A77DAE3B77}.Debug|Any CPU.Build.0 = Debug|Any CPU
		{5D3AD84A-1C34-4629-88CB-57A77DAE3B77}.Release|Any CPU.ActiveCfg = Release|Any CPU
		{5D3AD84A-1C34-4629-88CB-57A77DAE3B77}.Release|Any CPU.Build.0 = Release|Any CPU
		{972723EB-7D4E-460C-8F97-45E880797730}.Debug|Any CPU.ActiveCfg = Debug|Any CPU
		{972723EB-7D4E-460C-8F97-45E880797730}.Debug|Any CPU.Build.0 = Debug|Any CPU
		{972723EB-7D4E-460C-8F97-45E880797730}.Release|Any CPU.ActiveCfg = Release|Any CPU
		{972723EB-7D4E-460C-8F97-45E880797730}.Release|Any CPU.Build.0 = Release|Any CPU
		{850D5740-CE20-4695-99A9-597F6DCD0B15}.Debug|Any CPU.ActiveCfg = Debug|Any CPU
		{850D5740-CE20-4695-99A9-597F6DCD0B15}.Debug|Any CPU.Build.0 = Debug|Any CPU
		{850D5740-CE20-4695-99A9-597F6DCD0B15}.Release|Any CPU.ActiveCfg = Release|Any CPU
		{850D5740-CE20-4695-99A9-597F6DCD0B15}.Release|Any CPU.Build.0 = Release|Any CPU
		{8B6018CC-CE62-4600-AD05-0C81E01574BD}.Debug|Any CPU.ActiveCfg = Debug|Any CPU
		{8B6018CC-CE62-4600-AD05-0C81E01574BD}.Debug|Any CPU.Build.0 = Debug|Any CPU
		{8B6018CC-CE62-4600-AD05-0C81E01574BD}.Release|Any CPU.ActiveCfg = Release|Any CPU
		{8B6018CC-CE62-4600-AD05-0C81E01574BD}.Release|Any CPU.Build.0 = Release|Any CPU
		{F633D996-9BC3-4500-B253-64773CD32898}.Debug|Any CPU.ActiveCfg = Debug|Any CPU
		{F633D996-9BC3-4500-B253-64773CD32898}.Debug|Any CPU.Build.0 = Debug|Any CPU
		{F633D996-9BC3-4500-B253-64773CD32898}.Release|Any CPU.ActiveCfg = Release|Any CPU
		{F633D996-9BC3-4500-B253-64773CD32898}.Release|Any CPU.Build.0 = Release|Any CPU
		{61F3FA93-3922-425E-9C7C-78077FC5485B}.Debug|Any CPU.ActiveCfg = Debug|Any CPU
		{61F3FA93-3922-425E-9C7C-78077FC5485B}.Debug|Any CPU.Build.0 = Debug|Any CPU
		{61F3FA93-3922-425E-9C7C-78077FC5485B}.Release|Any CPU.ActiveCfg = Release|Any CPU
		{61F3FA93-3922-425E-9C7C-78077FC5485B}.Release|Any CPU.Build.0 = Release|Any CPU
		{FA0072A4-3459-4F3E-B9FC-A698CBDDA3F7}.Debug|Any CPU.ActiveCfg = Debug|Any CPU
		{FA0072A4-3459-4F3E-B9FC-A698CBDDA3F7}.Debug|Any CPU.Build.0 = Debug|Any CPU
		{FA0072A4-3459-4F3E-B9FC-A698CBDDA3F7}.Release|Any CPU.ActiveCfg = Release|Any CPU
		{FA0072A4-3459-4F3E-B9FC-A698CBDDA3F7}.Release|Any CPU.Build.0 = Release|Any CPU
		{AC8A580F-8729-4073-B99F-726E72DC67CE}.Debug|Any CPU.ActiveCfg = Debug|Any CPU
		{AC8A580F-8729-4073-B99F-726E72DC67CE}.Debug|Any CPU.Build.0 = Debug|Any CPU
		{AC8A580F-8729-4073-B99F-726E72DC67CE}.Release|Any CPU.ActiveCfg = Release|Any CPU
		{AC8A580F-8729-4073-B99F-726E72DC67CE}.Release|Any CPU.Build.0 = Release|Any CPU
		{EC6F2E57-0278-41E7-A5DA-2A0DCBA41C3B}.Debug|Any CPU.ActiveCfg = Debug|Any CPU
		{EC6F2E57-0278-41E7-A5DA-2A0DCBA41C3B}.Debug|Any CPU.Build.0 = Debug|Any CPU
		{EC6F2E57-0278-41E7-A5DA-2A0DCBA41C3B}.Release|Any CPU.ActiveCfg = Release|Any CPU
		{EC6F2E57-0278-41E7-A5DA-2A0DCBA41C3B}.Release|Any CPU.Build.0 = Release|Any CPU
		{1C23F6A0-EFE8-44D2-BBA3-098A2C5C7F04}.Debug|Any CPU.ActiveCfg = Debug|Any CPU
		{1C23F6A0-EFE8-44D2-BBA3-098A2C5C7F04}.Debug|Any CPU.Build.0 = Debug|Any CPU
		{1C23F6A0-EFE8-44D2-BBA3-098A2C5C7F04}.Release|Any CPU.ActiveCfg = Release|Any CPU
		{1C23F6A0-EFE8-44D2-BBA3-098A2C5C7F04}.Release|Any CPU.Build.0 = Release|Any CPU
		{72DA9AD3-3169-45B4-878B-19D034A8C646}.Debug|Any CPU.ActiveCfg = Debug|Any CPU
		{72DA9AD3-3169-45B4-878B-19D034A8C646}.Debug|Any CPU.Build.0 = Debug|Any CPU
		{72DA9AD3-3169-45B4-878B-19D034A8C646}.Release|Any CPU.ActiveCfg = Release|Any CPU
		{72DA9AD3-3169-45B4-878B-19D034A8C646}.Release|Any CPU.Build.0 = Release|Any CPU
		{E641A253-3BE8-400E-87CB-0E4463DF827C}.Debug|Any CPU.ActiveCfg = Debug|Any CPU
		{E641A253-3BE8-400E-87CB-0E4463DF827C}.Debug|Any CPU.Build.0 = Debug|Any CPU
		{E641A253-3BE8-400E-87CB-0E4463DF827C}.Release|Any CPU.ActiveCfg = Release|Any CPU
		{E641A253-3BE8-400E-87CB-0E4463DF827C}.Release|Any CPU.Build.0 = Release|Any CPU
		{510C2565-9EBB-4034-94AA-50C75177A87F}.Debug|Any CPU.ActiveCfg = Debug|Any CPU
		{510C2565-9EBB-4034-94AA-50C75177A87F}.Debug|Any CPU.Build.0 = Debug|Any CPU
		{510C2565-9EBB-4034-94AA-50C75177A87F}.Release|Any CPU.ActiveCfg = Release|Any CPU
		{510C2565-9EBB-4034-94AA-50C75177A87F}.Release|Any CPU.Build.0 = Release|Any CPU
		{0DB94A93-E76B-4387-BCBB-8B453D54CF46}.Debug|Any CPU.ActiveCfg = Debug|Any CPU
		{0DB94A93-E76B-4387-BCBB-8B453D54CF46}.Debug|Any CPU.Build.0 = Debug|Any CPU
		{0DB94A93-E76B-4387-BCBB-8B453D54CF46}.Release|Any CPU.ActiveCfg = Release|Any CPU
		{0DB94A93-E76B-4387-BCBB-8B453D54CF46}.Release|Any CPU.Build.0 = Release|Any CPU
		{C54F8237-5205-4E27-A7F7-CB52E911FDA3}.Debug|Any CPU.ActiveCfg = Debug|Any CPU
		{C54F8237-5205-4E27-A7F7-CB52E911FDA3}.Debug|Any CPU.Build.0 = Debug|Any CPU
		{C54F8237-5205-4E27-A7F7-CB52E911FDA3}.Release|Any CPU.ActiveCfg = Release|Any CPU
		{C54F8237-5205-4E27-A7F7-CB52E911FDA3}.Release|Any CPU.Build.0 = Release|Any CPU
		{5C1EA90B-2461-4293-B731-29CEBC558D12}.Debug|Any CPU.ActiveCfg = Debug|Any CPU
		{5C1EA90B-2461-4293-B731-29CEBC558D12}.Debug|Any CPU.Build.0 = Debug|Any CPU
		{5C1EA90B-2461-4293-B731-29CEBC558D12}.Release|Any CPU.ActiveCfg = Release|Any CPU
		{5C1EA90B-2461-4293-B731-29CEBC558D12}.Release|Any CPU.Build.0 = Release|Any CPU
		{954E77F9-F040-4882-B9D9-02DFD3B1D1CD}.Debug|Any CPU.ActiveCfg = Debug|Any CPU
		{954E77F9-F040-4882-B9D9-02DFD3B1D1CD}.Debug|Any CPU.Build.0 = Debug|Any CPU
		{954E77F9-F040-4882-B9D9-02DFD3B1D1CD}.Release|Any CPU.ActiveCfg = Release|Any CPU
		{954E77F9-F040-4882-B9D9-02DFD3B1D1CD}.Release|Any CPU.Build.0 = Release|Any CPU
		{076CB49B-BF69-4857-8966-15C25CA03BEE}.Debug|Any CPU.ActiveCfg = Debug|Any CPU
		{076CB49B-BF69-4857-8966-15C25CA03BEE}.Debug|Any CPU.Build.0 = Debug|Any CPU
		{076CB49B-BF69-4857-8966-15C25CA03BEE}.Release|Any CPU.ActiveCfg = Release|Any CPU
		{076CB49B-BF69-4857-8966-15C25CA03BEE}.Release|Any CPU.Build.0 = Release|Any CPU
		{6D72CFAB-9474-4B81-A9AC-A6D094C114BC}.Debug|Any CPU.ActiveCfg = Debug|Any CPU
		{6D72CFAB-9474-4B81-A9AC-A6D094C114BC}.Debug|Any CPU.Build.0 = Debug|Any CPU
		{6D72CFAB-9474-4B81-A9AC-A6D094C114BC}.Release|Any CPU.ActiveCfg = Release|Any CPU
		{6D72CFAB-9474-4B81-A9AC-A6D094C114BC}.Release|Any CPU.Build.0 = Release|Any CPU
		{576D50AA-1F7F-4E0A-A31F-5F0B6EA7E4F2}.Debug|Any CPU.ActiveCfg = Debug|Any CPU
		{576D50AA-1F7F-4E0A-A31F-5F0B6EA7E4F2}.Debug|Any CPU.Build.0 = Debug|Any CPU
		{576D50AA-1F7F-4E0A-A31F-5F0B6EA7E4F2}.Release|Any CPU.ActiveCfg = Release|Any CPU
		{576D50AA-1F7F-4E0A-A31F-5F0B6EA7E4F2}.Release|Any CPU.Build.0 = Release|Any CPU
		{28E399AF-2746-44B9-ACBF-BF41FF8C4D21}.Debug|Any CPU.ActiveCfg = Debug|Any CPU
		{28E399AF-2746-44B9-ACBF-BF41FF8C4D21}.Debug|Any CPU.Build.0 = Debug|Any CPU
		{28E399AF-2746-44B9-ACBF-BF41FF8C4D21}.Release|Any CPU.ActiveCfg = Release|Any CPU
		{28E399AF-2746-44B9-ACBF-BF41FF8C4D21}.Release|Any CPU.Build.0 = Release|Any CPU
		{EABA15C3-F6A0-400D-A93E-0A3C7EF59AAF}.Debug|Any CPU.ActiveCfg = Debug|Any CPU
		{EABA15C3-F6A0-400D-A93E-0A3C7EF59AAF}.Debug|Any CPU.Build.0 = Debug|Any CPU
		{EABA15C3-F6A0-400D-A93E-0A3C7EF59AAF}.Release|Any CPU.ActiveCfg = Release|Any CPU
		{EABA15C3-F6A0-400D-A93E-0A3C7EF59AAF}.Release|Any CPU.Build.0 = Release|Any CPU
		{24CAC8C5-564C-43FC-8323-800C9268A3D2}.Debug|Any CPU.ActiveCfg = Debug|Any CPU
		{24CAC8C5-564C-43FC-8323-800C9268A3D2}.Debug|Any CPU.Build.0 = Debug|Any CPU
		{24CAC8C5-564C-43FC-8323-800C9268A3D2}.Release|Any CPU.ActiveCfg = Release|Any CPU
		{24CAC8C5-564C-43FC-8323-800C9268A3D2}.Release|Any CPU.Build.0 = Release|Any CPU
		{AB8F1CB8-7A1C-4319-992D-3FD50F8A95E1}.Debug|Any CPU.ActiveCfg = Debug|Any CPU
		{AB8F1CB8-7A1C-4319-992D-3FD50F8A95E1}.Debug|Any CPU.Build.0 = Debug|Any CPU
		{AB8F1CB8-7A1C-4319-992D-3FD50F8A95E1}.Release|Any CPU.ActiveCfg = Release|Any CPU
		{AB8F1CB8-7A1C-4319-992D-3FD50F8A95E1}.Release|Any CPU.Build.0 = Release|Any CPU
		{D5F37296-2AC0-4230-A954-9C046F5AD425}.Debug|Any CPU.ActiveCfg = Debug|Any CPU
		{D5F37296-2AC0-4230-A954-9C046F5AD425}.Debug|Any CPU.Build.0 = Debug|Any CPU
		{D5F37296-2AC0-4230-A954-9C046F5AD425}.Release|Any CPU.ActiveCfg = Release|Any CPU
		{D5F37296-2AC0-4230-A954-9C046F5AD425}.Release|Any CPU.Build.0 = Release|Any CPU
		{43F53E4E-927B-4FFF-B47B-B6D61E72A26C}.Debug|Any CPU.ActiveCfg = Debug|Any CPU
		{43F53E4E-927B-4FFF-B47B-B6D61E72A26C}.Debug|Any CPU.Build.0 = Debug|Any CPU
		{43F53E4E-927B-4FFF-B47B-B6D61E72A26C}.Release|Any CPU.ActiveCfg = Release|Any CPU
		{43F53E4E-927B-4FFF-B47B-B6D61E72A26C}.Release|Any CPU.Build.0 = Release|Any CPU
		{0B1DB2AB-7B69-4C53-AA9F-D27F2FB44539}.Debug|Any CPU.ActiveCfg = Debug|Any CPU
		{0B1DB2AB-7B69-4C53-AA9F-D27F2FB44539}.Debug|Any CPU.Build.0 = Debug|Any CPU
		{0B1DB2AB-7B69-4C53-AA9F-D27F2FB44539}.Release|Any CPU.ActiveCfg = Release|Any CPU
		{0B1DB2AB-7B69-4C53-AA9F-D27F2FB44539}.Release|Any CPU.Build.0 = Release|Any CPU
		{B1778411-043B-4966-8D95-57E7503DE3F9}.Debug|Any CPU.ActiveCfg = Debug|Any CPU
		{B1778411-043B-4966-8D95-57E7503DE3F9}.Debug|Any CPU.Build.0 = Debug|Any CPU
		{B1778411-043B-4966-8D95-57E7503DE3F9}.Release|Any CPU.ActiveCfg = Release|Any CPU
		{B1778411-043B-4966-8D95-57E7503DE3F9}.Release|Any CPU.Build.0 = Release|Any CPU
		{79EB5421-FB68-4286-B101-A0736A98AAE9}.Debug|Any CPU.ActiveCfg = Debug|Any CPU
		{79EB5421-FB68-4286-B101-A0736A98AAE9}.Debug|Any CPU.Build.0 = Debug|Any CPU
		{79EB5421-FB68-4286-B101-A0736A98AAE9}.Release|Any CPU.ActiveCfg = Release|Any CPU
		{79EB5421-FB68-4286-B101-A0736A98AAE9}.Release|Any CPU.Build.0 = Release|Any CPU
		{06DE1A73-1BFF-43DB-9F18-CBB31923FA98}.Debug|Any CPU.ActiveCfg = Debug|Any CPU
		{06DE1A73-1BFF-43DB-9F18-CBB31923FA98}.Debug|Any CPU.Build.0 = Debug|Any CPU
		{06DE1A73-1BFF-43DB-9F18-CBB31923FA98}.Release|Any CPU.ActiveCfg = Release|Any CPU
		{06DE1A73-1BFF-43DB-9F18-CBB31923FA98}.Release|Any CPU.Build.0 = Release|Any CPU
		{8D73E5F4-536C-428D-AA7D-8771BBF6F65A}.Debug|Any CPU.ActiveCfg = Debug|Any CPU
		{8D73E5F4-536C-428D-AA7D-8771BBF6F65A}.Debug|Any CPU.Build.0 = Debug|Any CPU
		{8D73E5F4-536C-428D-AA7D-8771BBF6F65A}.Release|Any CPU.ActiveCfg = Release|Any CPU
		{8D73E5F4-536C-428D-AA7D-8771BBF6F65A}.Release|Any CPU.Build.0 = Release|Any CPU
		{400DD356-FA1D-4907-AC0A-6EBB4913C328}.Debug|Any CPU.ActiveCfg = Debug|Any CPU
		{400DD356-FA1D-4907-AC0A-6EBB4913C328}.Debug|Any CPU.Build.0 = Debug|Any CPU
		{400DD356-FA1D-4907-AC0A-6EBB4913C328}.Release|Any CPU.ActiveCfg = Release|Any CPU
		{400DD356-FA1D-4907-AC0A-6EBB4913C328}.Release|Any CPU.Build.0 = Release|Any CPU
		{E7E6D4E2-9702-4C49-9BB6-85EE29078498}.Debug|Any CPU.ActiveCfg = Debug|Any CPU
		{E7E6D4E2-9702-4C49-9BB6-85EE29078498}.Debug|Any CPU.Build.0 = Debug|Any CPU
		{E7E6D4E2-9702-4C49-9BB6-85EE29078498}.Release|Any CPU.ActiveCfg = Release|Any CPU
		{E7E6D4E2-9702-4C49-9BB6-85EE29078498}.Release|Any CPU.Build.0 = Release|Any CPU
		{866929BB-4486-4F10-BCEE-8A11CB33EE58}.Debug|Any CPU.ActiveCfg = Debug|Any CPU
		{866929BB-4486-4F10-BCEE-8A11CB33EE58}.Debug|Any CPU.Build.0 = Debug|Any CPU
		{866929BB-4486-4F10-BCEE-8A11CB33EE58}.Release|Any CPU.ActiveCfg = Release|Any CPU
		{866929BB-4486-4F10-BCEE-8A11CB33EE58}.Release|Any CPU.Build.0 = Release|Any CPU
		{FCDA0FDB-3178-416F-870E-0902186F1AE7}.Debug|Any CPU.ActiveCfg = Debug|Any CPU
		{FCDA0FDB-3178-416F-870E-0902186F1AE7}.Debug|Any CPU.Build.0 = Debug|Any CPU
		{FCDA0FDB-3178-416F-870E-0902186F1AE7}.Release|Any CPU.ActiveCfg = Release|Any CPU
		{FCDA0FDB-3178-416F-870E-0902186F1AE7}.Release|Any CPU.Build.0 = Release|Any CPU
		{42EFBD47-607F-434E-B86E-CC482106E43D}.Debug|Any CPU.ActiveCfg = Debug|Any CPU
		{42EFBD47-607F-434E-B86E-CC482106E43D}.Debug|Any CPU.Build.0 = Debug|Any CPU
		{42EFBD47-607F-434E-B86E-CC482106E43D}.Release|Any CPU.ActiveCfg = Release|Any CPU
		{42EFBD47-607F-434E-B86E-CC482106E43D}.Release|Any CPU.Build.0 = Release|Any CPU
		{A2B26761-14E4-4858-BDBD-C142DBD45F58}.Debug|Any CPU.ActiveCfg = Debug|Any CPU
		{A2B26761-14E4-4858-BDBD-C142DBD45F58}.Debug|Any CPU.Build.0 = Debug|Any CPU
		{A2B26761-14E4-4858-BDBD-C142DBD45F58}.Release|Any CPU.ActiveCfg = Release|Any CPU
		{A2B26761-14E4-4858-BDBD-C142DBD45F58}.Release|Any CPU.Build.0 = Release|Any CPU
		{01BF095D-F022-4AA8-8594-118924668DEE}.Debug|Any CPU.ActiveCfg = Debug|Any CPU
		{01BF095D-F022-4AA8-8594-118924668DEE}.Debug|Any CPU.Build.0 = Debug|Any CPU
		{01BF095D-F022-4AA8-8594-118924668DEE}.Release|Any CPU.ActiveCfg = Release|Any CPU
		{01BF095D-F022-4AA8-8594-118924668DEE}.Release|Any CPU.Build.0 = Release|Any CPU
		{561CEACD-D13B-488F-9FA5-9A1DF50B892A}.Debug|Any CPU.ActiveCfg = Debug|Any CPU
		{561CEACD-D13B-488F-9FA5-9A1DF50B892A}.Debug|Any CPU.Build.0 = Debug|Any CPU
		{561CEACD-D13B-488F-9FA5-9A1DF50B892A}.Release|Any CPU.ActiveCfg = Release|Any CPU
		{561CEACD-D13B-488F-9FA5-9A1DF50B892A}.Release|Any CPU.Build.0 = Release|Any CPU
		{5A0DDC6F-2B6A-47B7-A5FF-A8B3F3432107}.Debug|Any CPU.ActiveCfg = Debug|Any CPU
		{5A0DDC6F-2B6A-47B7-A5FF-A8B3F3432107}.Debug|Any CPU.Build.0 = Debug|Any CPU
		{5A0DDC6F-2B6A-47B7-A5FF-A8B3F3432107}.Release|Any CPU.ActiveCfg = Release|Any CPU
		{5A0DDC6F-2B6A-47B7-A5FF-A8B3F3432107}.Release|Any CPU.Build.0 = Release|Any CPU
		{DB25C4C9-AEF3-4EBC-B11D-0795CCED7B8F}.Debug|Any CPU.ActiveCfg = Debug|Any CPU
		{DB25C4C9-AEF3-4EBC-B11D-0795CCED7B8F}.Debug|Any CPU.Build.0 = Debug|Any CPU
		{DB25C4C9-AEF3-4EBC-B11D-0795CCED7B8F}.Release|Any CPU.ActiveCfg = Release|Any CPU
		{DB25C4C9-AEF3-4EBC-B11D-0795CCED7B8F}.Release|Any CPU.Build.0 = Release|Any CPU
		{229DAF1F-F08B-490D-89BA-11926626BE41}.Debug|Any CPU.ActiveCfg = Debug|Any CPU
		{229DAF1F-F08B-490D-89BA-11926626BE41}.Debug|Any CPU.Build.0 = Debug|Any CPU
		{229DAF1F-F08B-490D-89BA-11926626BE41}.Release|Any CPU.ActiveCfg = Release|Any CPU
		{229DAF1F-F08B-490D-89BA-11926626BE41}.Release|Any CPU.Build.0 = Release|Any CPU
		{8CFD2D6D-9F87-4713-A0B4-008D3738B0A0}.Debug|Any CPU.ActiveCfg = Debug|Any CPU
		{8CFD2D6D-9F87-4713-A0B4-008D3738B0A0}.Debug|Any CPU.Build.0 = Debug|Any CPU
		{8CFD2D6D-9F87-4713-A0B4-008D3738B0A0}.Release|Any CPU.ActiveCfg = Release|Any CPU
		{8CFD2D6D-9F87-4713-A0B4-008D3738B0A0}.Release|Any CPU.Build.0 = Release|Any CPU
	EndGlobalSection
	GlobalSection(SolutionProperties) = preSolution
		HideSolutionNode = FALSE
	EndGlobalSection
	GlobalSection(NestedProjects) = preSolution
		{BF45E27D-2F48-4D73-90EE-9AA86F631E34} = {2BFB9B9A-885B-429C-81C6-12E949B055AC}
		{0B6EE10C-3FDF-4A65-AA28-BE5F3A0AF6C7} = {BBD3CD21-C202-4D3C-B09F-164C5BC57D0B}
		{3359EB89-25B1-49EA-936A-41748CFCC478} = {D250B06C-4CE6-4D5D-A27C-A74651B2B5BC}
		{808FAB01-DB06-4746-91CC-1BDCEE3BCD1E} = {D250B06C-4CE6-4D5D-A27C-A74651B2B5BC}
		{747F39D0-C647-407A-B998-949FA79B430B} = {D250B06C-4CE6-4D5D-A27C-A74651B2B5BC}
		{21A07FC0-9B0E-41DC-8E03-0747EBA09083} = {D250B06C-4CE6-4D5D-A27C-A74651B2B5BC}
		{1549E1A5-1715-4050-B947-00B840441297} = {D250B06C-4CE6-4D5D-A27C-A74651B2B5BC}
		{5832FE10-BAB3-4997-B36B-5A4DE0741246} = {D250B06C-4CE6-4D5D-A27C-A74651B2B5BC}
		{450D8AC3-4E63-45C9-86AE-A24DE8E6CB84} = {D250B06C-4CE6-4D5D-A27C-A74651B2B5BC}
		{CE721549-EF99-459A-A70F-C78FB3D12B8A} = {D250B06C-4CE6-4D5D-A27C-A74651B2B5BC}
		{244AD18F-ADD7-4BAE-9790-EA606FA0123B} = {D250B06C-4CE6-4D5D-A27C-A74651B2B5BC}
		{0EDF411B-41E3-477B-826E-4420CBFFDF70} = {D250B06C-4CE6-4D5D-A27C-A74651B2B5BC}
		{1EA03429-3598-43FD-A851-4635B4599793} = {D250B06C-4CE6-4D5D-A27C-A74651B2B5BC}
		{F5B99669-D324-435F-BC1C-1BCB793CD967} = {D250B06C-4CE6-4D5D-A27C-A74651B2B5BC}
		{D511C0D8-8B1B-483E-8A49-FC60B760C1D2} = {D250B06C-4CE6-4D5D-A27C-A74651B2B5BC}
		{4DC13C4F-A353-4EAB-8124-0673E2F643B6} = {D250B06C-4CE6-4D5D-A27C-A74651B2B5BC}
		{4CE1ACF5-3D4E-4FF3-9DD0-0DF063D5DAA4} = {D250B06C-4CE6-4D5D-A27C-A74651B2B5BC}
		{4C782614-B3C6-455C-ADB5-548449F0547E} = {D250B06C-4CE6-4D5D-A27C-A74651B2B5BC}
		{5C853589-6D47-4226-A87B-6721A95887B7} = {D250B06C-4CE6-4D5D-A27C-A74651B2B5BC}
		{5EE47E53-949E-48C9-AF3F-EF4B2BFD17D3} = {D250B06C-4CE6-4D5D-A27C-A74651B2B5BC}
		{303171CC-E238-4EBC-91F2-796C54BEBC99} = {D250B06C-4CE6-4D5D-A27C-A74651B2B5BC}
		{65CB3DDF-450A-4448-AAE0-947ED7365F47} = {D250B06C-4CE6-4D5D-A27C-A74651B2B5BC}
		{FFDD0334-B949-480F-8CE9-D15A0DAC527E} = {D250B06C-4CE6-4D5D-A27C-A74651B2B5BC}
		{5D3AD84A-1C34-4629-88CB-57A77DAE3B77} = {D250B06C-4CE6-4D5D-A27C-A74651B2B5BC}
		{972723EB-7D4E-460C-8F97-45E880797730} = {D250B06C-4CE6-4D5D-A27C-A74651B2B5BC}
		{850D5740-CE20-4695-99A9-597F6DCD0B15} = {D250B06C-4CE6-4D5D-A27C-A74651B2B5BC}
		{8B6018CC-CE62-4600-AD05-0C81E01574BD} = {D250B06C-4CE6-4D5D-A27C-A74651B2B5BC}
		{F633D996-9BC3-4500-B253-64773CD32898} = {D250B06C-4CE6-4D5D-A27C-A74651B2B5BC}
		{61F3FA93-3922-425E-9C7C-78077FC5485B} = {D250B06C-4CE6-4D5D-A27C-A74651B2B5BC}
		{FA0072A4-3459-4F3E-B9FC-A698CBDDA3F7} = {D250B06C-4CE6-4D5D-A27C-A74651B2B5BC}
		{AC8A580F-8729-4073-B99F-726E72DC67CE} = {D250B06C-4CE6-4D5D-A27C-A74651B2B5BC}
		{EC6F2E57-0278-41E7-A5DA-2A0DCBA41C3B} = {D250B06C-4CE6-4D5D-A27C-A74651B2B5BC}
		{1C23F6A0-EFE8-44D2-BBA3-098A2C5C7F04} = {D250B06C-4CE6-4D5D-A27C-A74651B2B5BC}
		{72DA9AD3-3169-45B4-878B-19D034A8C646} = {D250B06C-4CE6-4D5D-A27C-A74651B2B5BC}
		{E641A253-3BE8-400E-87CB-0E4463DF827C} = {D250B06C-4CE6-4D5D-A27C-A74651B2B5BC}
		{510C2565-9EBB-4034-94AA-50C75177A87F} = {D250B06C-4CE6-4D5D-A27C-A74651B2B5BC}
		{0DB94A93-E76B-4387-BCBB-8B453D54CF46} = {D250B06C-4CE6-4D5D-A27C-A74651B2B5BC}
		{C54F8237-5205-4E27-A7F7-CB52E911FDA3} = {D250B06C-4CE6-4D5D-A27C-A74651B2B5BC}
		{5C1EA90B-2461-4293-B731-29CEBC558D12} = {D250B06C-4CE6-4D5D-A27C-A74651B2B5BC}
		{954E77F9-F040-4882-B9D9-02DFD3B1D1CD} = {D250B06C-4CE6-4D5D-A27C-A74651B2B5BC}
		{076CB49B-BF69-4857-8966-15C25CA03BEE} = {D250B06C-4CE6-4D5D-A27C-A74651B2B5BC}
		{6D72CFAB-9474-4B81-A9AC-A6D094C114BC} = {D250B06C-4CE6-4D5D-A27C-A74651B2B5BC}
		{576D50AA-1F7F-4E0A-A31F-5F0B6EA7E4F2} = {D250B06C-4CE6-4D5D-A27C-A74651B2B5BC}
		{28E399AF-2746-44B9-ACBF-BF41FF8C4D21} = {D250B06C-4CE6-4D5D-A27C-A74651B2B5BC}
		{EABA15C3-F6A0-400D-A93E-0A3C7EF59AAF} = {D250B06C-4CE6-4D5D-A27C-A74651B2B5BC}
		{24CAC8C5-564C-43FC-8323-800C9268A3D2} = {D250B06C-4CE6-4D5D-A27C-A74651B2B5BC}
		{AB8F1CB8-7A1C-4319-992D-3FD50F8A95E1} = {D250B06C-4CE6-4D5D-A27C-A74651B2B5BC}
		{D5F37296-2AC0-4230-A954-9C046F5AD425} = {D250B06C-4CE6-4D5D-A27C-A74651B2B5BC}
		{43F53E4E-927B-4FFF-B47B-B6D61E72A26C} = {D250B06C-4CE6-4D5D-A27C-A74651B2B5BC}
		{0B1DB2AB-7B69-4C53-AA9F-D27F2FB44539} = {D250B06C-4CE6-4D5D-A27C-A74651B2B5BC}
		{B1778411-043B-4966-8D95-57E7503DE3F9} = {D250B06C-4CE6-4D5D-A27C-A74651B2B5BC}
		{79EB5421-FB68-4286-B101-A0736A98AAE9} = {D250B06C-4CE6-4D5D-A27C-A74651B2B5BC}
		{06DE1A73-1BFF-43DB-9F18-CBB31923FA98} = {D250B06C-4CE6-4D5D-A27C-A74651B2B5BC}
		{8D73E5F4-536C-428D-AA7D-8771BBF6F65A} = {D250B06C-4CE6-4D5D-A27C-A74651B2B5BC}
		{400DD356-FA1D-4907-AC0A-6EBB4913C328} = {D250B06C-4CE6-4D5D-A27C-A74651B2B5BC}
		{E7E6D4E2-9702-4C49-9BB6-85EE29078498} = {D250B06C-4CE6-4D5D-A27C-A74651B2B5BC}
		{866929BB-4486-4F10-BCEE-8A11CB33EE58} = {D250B06C-4CE6-4D5D-A27C-A74651B2B5BC}
		{FCDA0FDB-3178-416F-870E-0902186F1AE7} = {D250B06C-4CE6-4D5D-A27C-A74651B2B5BC}
		{42EFBD47-607F-434E-B86E-CC482106E43D} = {D250B06C-4CE6-4D5D-A27C-A74651B2B5BC}
		{A2B26761-14E4-4858-BDBD-C142DBD45F58} = {D250B06C-4CE6-4D5D-A27C-A74651B2B5BC}
		{01BF095D-F022-4AA8-8594-118924668DEE} = {D250B06C-4CE6-4D5D-A27C-A74651B2B5BC}
		{561CEACD-D13B-488F-9FA5-9A1DF50B892A} = {D250B06C-4CE6-4D5D-A27C-A74651B2B5BC}
		{5A0DDC6F-2B6A-47B7-A5FF-A8B3F3432107} = {D250B06C-4CE6-4D5D-A27C-A74651B2B5BC}
		{DB25C4C9-AEF3-4EBC-B11D-0795CCED7B8F} = {D250B06C-4CE6-4D5D-A27C-A74651B2B5BC}
		{229DAF1F-F08B-490D-89BA-11926626BE41} = {D250B06C-4CE6-4D5D-A27C-A74651B2B5BC}
		{8CFD2D6D-9F87-4713-A0B4-008D3738B0A0} = {D250B06C-4CE6-4D5D-A27C-A74651B2B5BC}
	EndGlobalSection
	GlobalSection(ExtensibilityGlobals) = postSolution
		SolutionGuid = {5D0A5670-4936-4ADF-AF0F-46D7F9842EC1}
	EndGlobalSection
EndGlobal
