
Microsoft Visual Studio Solution File, Format Version 12.00
# Visual Studio Version 16
VisualStudioVersion = 16.0.29709.97
MinimumVisualStudioVersion = 10.0.40219.1
Project("{9A19103F-16F7-4668-BE54-9A1E7A4F7556}") = "PlatoCore", "Core\PlatoCore.csproj", "{BF45E27D-2F48-4D73-90EE-9AA86F631E34}"
EndProject
Project("{9A19103F-16F7-4668-BE54-9A1E7A4F7556}") = "Plato", "Web\Plato.csproj", "{0B6EE10C-3FDF-4A65-AA28-BE5F3A0AF6C7}"
EndProject
Project("{9A19103F-16F7-4668-BE54-9A1E7A4F7556}") = "Plato.Demo", "Web\Modules\Plato.Demo\Plato.Demo.csproj", "{3359EB89-25B1-49EA-936A-41748CFCC478}"
EndProject
Project("{2150E333-8FDC-42A3-9474-1A3956D46DE8}") = "Modules", "Modules", "{D250B06C-4CE6-4D5D-A27C-A74651B2B5BC}"
EndProject
Project("{9A19103F-16F7-4668-BE54-9A1E7A4F7556}") = "Plato.SetUp", "Web\Modules\Plato.SetUp\Plato.SetUp.csproj", "{808FAB01-DB06-4746-91CC-1BDCEE3BCD1E}"
EndProject
Project("{9A19103F-16F7-4668-BE54-9A1E7A4F7556}") = "Plato.Core", "Web\Modules\Plato.Core\Plato.Core.csproj", "{747F39D0-C647-407A-B998-949FA79B430B}"
EndProject
Project("{9A19103F-16F7-4668-BE54-9A1E7A4F7556}") = "Plato.Users", "Web\Modules\Plato.Users\Plato.Users.csproj", "{21A07FC0-9B0E-41DC-8E03-0747EBA09083}"
EndProject
Project("{9A19103F-16F7-4668-BE54-9A1E7A4F7556}") = "Plato.Email", "Web\Modules\Plato.Email\Plato.Email.csproj", "{1549E1A5-1715-4050-B947-00B840441297}"
EndProject
Project("{9A19103F-16F7-4668-BE54-9A1E7A4F7556}") = "Plato.Admin", "Web\Modules\Plato.Admin\Plato.Admin.csproj", "{5832FE10-BAB3-4997-B36B-5A4DE0741246}"
EndProject
Project("{9A19103F-16F7-4668-BE54-9A1E7A4F7556}") = "Plato.Roles", "Web\Modules\Plato.Roles\Plato.Roles.csproj", "{450D8AC3-4E63-45C9-86AE-A24DE8E6CB84}"
EndProject
Project("{9A19103F-16F7-4668-BE54-9A1E7A4F7556}") = "Plato.Settings", "Web\Modules\Plato.Settings\Plato.Settings.csproj", "{CE721549-EF99-459A-A70F-C78FB3D12B8A}"
EndProject
Project("{9A19103F-16F7-4668-BE54-9A1E7A4F7556}") = "Plato.Features", "Web\Modules\Plato.Features\Plato.Features.csproj", "{244AD18F-ADD7-4BAE-9790-EA606FA0123B}"
EndProject
Project("{2150E333-8FDC-42A3-9474-1A3956D46DE8}") = "Core", "Core", "{2BFB9B9A-885B-429C-81C6-12E949B055AC}"
EndProject
Project("{2150E333-8FDC-42A3-9474-1A3956D46DE8}") = "Web", "Web", "{BBD3CD21-C202-4D3C-B09F-164C5BC57D0B}"
EndProject
Project("{9A19103F-16F7-4668-BE54-9A1E7A4F7556}") = "Plato.Users.Badges", "Web\Modules\Plato.Users.Badges\Plato.Users.Badges.csproj", "{DB25C4C9-AEF3-4EBC-B11D-0795CCED7B8F}"
EndProject
Global
	GlobalSection(SolutionConfigurationPlatforms) = preSolution
		Debug|Any CPU = Debug|Any CPU
		Release|Any CPU = Release|Any CPU
	EndGlobalSection
	GlobalSection(ProjectConfigurationPlatforms) = postSolution
		{BF45E27D-2F48-4D73-90EE-9AA86F631E34}.Debug|Any CPU.ActiveCfg = Debug|Any CPU
		{BF45E27D-2F48-4D73-90EE-9AA86F631E34}.Debug|Any CPU.Build.0 = Debug|Any CPU
		{BF45E27D-2F48-4D73-90EE-9AA86F631E34}.Release|Any CPU.ActiveCfg = Release|Any CPU
		{BF45E27D-2F48-4D73-90EE-9AA86F631E34}.Release|Any CPU.Build.0 = Release|Any CPU
		{0B6EE10C-3FDF-4A65-AA28-BE5F3A0AF6C7}.Debug|Any CPU.ActiveCfg = Debug|Any CPU
		{0B6EE10C-3FDF-4A65-AA28-BE5F3A0AF6C7}.Debug|Any CPU.Build.0 = Debug|Any CPU
		{0B6EE10C-3FDF-4A65-AA28-BE5F3A0AF6C7}.Release|Any CPU.ActiveCfg = Release|Any CPU
		{0B6EE10C-3FDF-4A65-AA28-BE5F3A0AF6C7}.Release|Any CPU.Build.0 = Release|Any CPU
		{3359EB89-25B1-49EA-936A-41748CFCC478}.Debug|Any CPU.ActiveCfg = Debug|Any CPU
		{3359EB89-25B1-49EA-936A-41748CFCC478}.Debug|Any CPU.Build.0 = Debug|Any CPU
		{3359EB89-25B1-49EA-936A-41748CFCC478}.Release|Any CPU.ActiveCfg = Release|Any CPU
		{3359EB89-25B1-49EA-936A-41748CFCC478}.Release|Any CPU.Build.0 = Release|Any CPU
		{808FAB01-DB06-4746-91CC-1BDCEE3BCD1E}.Debug|Any CPU.ActiveCfg = Debug|Any CPU
		{808FAB01-DB06-4746-91CC-1BDCEE3BCD1E}.Debug|Any CPU.Build.0 = Debug|Any CPU
		{808FAB01-DB06-4746-91CC-1BDCEE3BCD1E}.Release|Any CPU.ActiveCfg = Release|Any CPU
		{808FAB01-DB06-4746-91CC-1BDCEE3BCD1E}.Release|Any CPU.Build.0 = Release|Any CPU
		{747F39D0-C647-407A-B998-949FA79B430B}.Debug|Any CPU.ActiveCfg = Debug|Any CPU
		{747F39D0-C647-407A-B998-949FA79B430B}.Debug|Any CPU.Build.0 = Debug|Any CPU
		{747F39D0-C647-407A-B998-949FA79B430B}.Release|Any CPU.ActiveCfg = Release|Any CPU
		{747F39D0-C647-407A-B998-949FA79B430B}.Release|Any CPU.Build.0 = Release|Any CPU
		{21A07FC0-9B0E-41DC-8E03-0747EBA09083}.Debug|Any CPU.ActiveCfg = Debug|Any CPU
		{21A07FC0-9B0E-41DC-8E03-0747EBA09083}.Debug|Any CPU.Build.0 = Debug|Any CPU
		{21A07FC0-9B0E-41DC-8E03-0747EBA09083}.Release|Any CPU.ActiveCfg = Release|Any CPU
		{21A07FC0-9B0E-41DC-8E03-0747EBA09083}.Release|Any CPU.Build.0 = Release|Any CPU
		{1549E1A5-1715-4050-B947-00B840441297}.Debug|Any CPU.ActiveCfg = Debug|Any CPU
		{1549E1A5-1715-4050-B947-00B840441297}.Debug|Any CPU.Build.0 = Debug|Any CPU
		{1549E1A5-1715-4050-B947-00B840441297}.Release|Any CPU.ActiveCfg = Release|Any CPU
		{1549E1A5-1715-4050-B947-00B840441297}.Release|Any CPU.Build.0 = Release|Any CPU
		{5832FE10-BAB3-4997-B36B-5A4DE0741246}.Debug|Any CPU.ActiveCfg = Debug|Any CPU
		{5832FE10-BAB3-4997-B36B-5A4DE0741246}.Debug|Any CPU.Build.0 = Debug|Any CPU
		{5832FE10-BAB3-4997-B36B-5A4DE0741246}.Release|Any CPU.ActiveCfg = Release|Any CPU
		{5832FE10-BAB3-4997-B36B-5A4DE0741246}.Release|Any CPU.Build.0 = Release|Any CPU
		{450D8AC3-4E63-45C9-86AE-A24DE8E6CB84}.Debug|Any CPU.ActiveCfg = Debug|Any CPU
		{450D8AC3-4E63-45C9-86AE-A24DE8E6CB84}.Debug|Any CPU.Build.0 = Debug|Any CPU
		{450D8AC3-4E63-45C9-86AE-A24DE8E6CB84}.Release|Any CPU.ActiveCfg = Release|Any CPU
		{450D8AC3-4E63-45C9-86AE-A24DE8E6CB84}.Release|Any CPU.Build.0 = Release|Any CPU
		{CE721549-EF99-459A-A70F-C78FB3D12B8A}.Debug|Any CPU.ActiveCfg = Debug|Any CPU
		{CE721549-EF99-459A-A70F-C78FB3D12B8A}.Debug|Any CPU.Build.0 = Debug|Any CPU
		{CE721549-EF99-459A-A70F-C78FB3D12B8A}.Release|Any CPU.ActiveCfg = Release|Any CPU
		{CE721549-EF99-459A-A70F-C78FB3D12B8A}.Release|Any CPU.Build.0 = Release|Any CPU
		{244AD18F-ADD7-4BAE-9790-EA606FA0123B}.Debug|Any CPU.ActiveCfg = Debug|Any CPU
		{244AD18F-ADD7-4BAE-9790-EA606FA0123B}.Debug|Any CPU.Build.0 = Debug|Any CPU
		{244AD18F-ADD7-4BAE-9790-EA606FA0123B}.Release|Any CPU.ActiveCfg = Release|Any CPU
		{244AD18F-ADD7-4BAE-9790-EA606FA0123B}.Release|Any CPU.Build.0 = Release|Any CPU
		{DB25C4C9-AEF3-4EBC-B11D-0795CCED7B8F}.Debug|Any CPU.ActiveCfg = Debug|Any CPU
		{DB25C4C9-AEF3-4EBC-B11D-0795CCED7B8F}.Debug|Any CPU.Build.0 = Debug|Any CPU
		{DB25C4C9-AEF3-4EBC-B11D-0795CCED7B8F}.Release|Any CPU.ActiveCfg = Release|Any CPU
		{DB25C4C9-AEF3-4EBC-B11D-0795CCED7B8F}.Release|Any CPU.Build.0 = Release|Any CPU
	EndGlobalSection
	GlobalSection(SolutionProperties) = preSolution
		HideSolutionNode = FALSE
	EndGlobalSection
	GlobalSection(NestedProjects) = preSolution
		{BF45E27D-2F48-4D73-90EE-9AA86F631E34} = {2BFB9B9A-885B-429C-81C6-12E949B055AC}
		{0B6EE10C-3FDF-4A65-AA28-BE5F3A0AF6C7} = {BBD3CD21-C202-4D3C-B09F-164C5BC57D0B}
		{3359EB89-25B1-49EA-936A-41748CFCC478} = {D250B06C-4CE6-4D5D-A27C-A74651B2B5BC}
		{808FAB01-DB06-4746-91CC-1BDCEE3BCD1E} = {D250B06C-4CE6-4D5D-A27C-A74651B2B5BC}
		{747F39D0-C647-407A-B998-949FA79B430B} = {D250B06C-4CE6-4D5D-A27C-A74651B2B5BC}
		{21A07FC0-9B0E-41DC-8E03-0747EBA09083} = {D250B06C-4CE6-4D5D-A27C-A74651B2B5BC}
		{1549E1A5-1715-4050-B947-00B840441297} = {D250B06C-4CE6-4D5D-A27C-A74651B2B5BC}
		{5832FE10-BAB3-4997-B36B-5A4DE0741246} = {D250B06C-4CE6-4D5D-A27C-A74651B2B5BC}
		{450D8AC3-4E63-45C9-86AE-A24DE8E6CB84} = {D250B06C-4CE6-4D5D-A27C-A74651B2B5BC}
		{CE721549-EF99-459A-A70F-C78FB3D12B8A} = {D250B06C-4CE6-4D5D-A27C-A74651B2B5BC}
		{244AD18F-ADD7-4BAE-9790-EA606FA0123B} = {D250B06C-4CE6-4D5D-A27C-A74651B2B5BC}
		{DB25C4C9-AEF3-4EBC-B11D-0795CCED7B8F} = {D250B06C-4CE6-4D5D-A27C-A74651B2B5BC}
	EndGlobalSection
	GlobalSection(ExtensibilityGlobals) = postSolution
		SolutionGuid = {5D0A5670-4936-4ADF-AF0F-46D7F9842EC1}
	EndGlobalSection
EndGlobal
